
Microsoft Visual Studio Solution File, Format Version 12.00
# Visual Studio Version 17
VisualStudioVersion = 17.4.33205.214
MinimumVisualStudioVersion = 10.0.40219.1
Project("{888888A0-9F3D-457C-B088-3A5042F75D52}") = "kontroltöö", "kontroltöö.pyproj", "{875C6F48-30DB-43E9-A32A-06F87A45090E}"
EndProject
Global
	GlobalSection(SolutionConfigurationPlatforms) = preSolution
		Debug|Any CPU = Debug|Any CPU
		Release|Any CPU = Release|Any CPU
	EndGlobalSection
	GlobalSection(ProjectConfigurationPlatforms) = postSolution
		{875C6F48-30DB-43E9-A32A-06F87A45090E}.Debug|Any CPU.ActiveCfg = Debug|Any CPU
		{875C6F48-30DB-43E9-A32A-06F87A45090E}.Release|Any CPU.ActiveCfg = Release|Any CPU
	EndGlobalSection
	GlobalSection(SolutionProperties) = preSolution
		HideSolutionNode = FALSE
	EndGlobalSection
	GlobalSection(ExtensibilityGlobals) = postSolution
		SolutionGuid = {565D6F75-6558-46E7-BA14-EAD8162BD128}
	EndGlobalSection
EndGlobal
